
Microsoft Visual Studio Solution File, Format Version 12.00
# Visual Studio Version 17
VisualStudioVersion = 17.8.34511.84
MinimumVisualStudioVersion = 10.0.40219.1
Project("{FAE04EC0-301F-11D3-BF4B-00C04F79EFBC}") = "ModernUI", "ModernUI\ModernUI.csproj", "{7A54693C-5433-408D-9478-EEA38A672AEA}"
EndProject
Global
	GlobalSection(SolutionConfigurationPlatforms) = preSolution
		Debug|Any CPU = Debug|Any CPU
		Release|Any CPU = Release|Any CPU
	EndGlobalSection
	GlobalSection(ProjectConfigurationPlatforms) = postSolution
		{7A54693C-5433-408D-9478-EEA38A672AEA}.Debug|Any CPU.ActiveCfg = Debug|Any CPU
		{7A54693C-5433-408D-9478-EEA38A672AEA}.Debug|Any CPU.Build.0 = Debug|Any CPU
		{7A54693C-5433-408D-9478-EEA38A672AEA}.Release|Any CPU.ActiveCfg = Release|Any CPU
		{7A54693C-5433-408D-9478-EEA38A672AEA}.Release|Any CPU.Build.0 = Release|Any CPU
	EndGlobalSection
	GlobalSection(SolutionProperties) = preSolution
		HideSolutionNode = FALSE
	EndGlobalSection
	GlobalSection(ExtensibilityGlobals) = postSolution
		SolutionGuid = {379B4D83-2DFC-4B21-B921-22B8F7E4B005}
	EndGlobalSection
EndGlobal
